
Microsoft Visual Studio Solution File, Format Version 12.00
# Visual Studio Version 17
VisualStudioVersion = 17.12.35707.178
MinimumVisualStudioVersion = 10.0.40219.1
Project("{FAE04EC0-301F-11D3-BF4B-00C04F79EFBC}") = "WiproDay3", "WiproDay3\WiproDay3.csproj", "{19BE339B-2CF3-4399-AB3E-A25433A8B56A}"
EndProject
Project("{FAE04EC0-301F-11D3-BF4B-00C04F79EFBC}") = "AccessSpecifier", "AccessSpecifier\AccessSpecifier.csproj", "{0981F995-DDD7-4FC1-A057-9C8CB468F857}"
EndProject
Project("{FAE04EC0-301F-11D3-BF4B-00C04F79EFBC}") = "ClassMethodStatic", "ClassMethodStatic\ClassMethodStatic.csproj", "{1987E9BA-F33A-44B6-8DE4-1ABB87ADFD7F}"
EndProject
Project("{2150E333-8FDC-42A3-9474-1A3956D46DE8}") = "Day5", "Day5", "{CB317E9D-741F-4702-ADD6-488E67200CBC}"
EndProject
Project("{FAE04EC0-301F-11D3-BF4B-00C04F79EFBC}") = "ExceptionHandling", "ExceptionHandling\ExceptionHandling.csproj", "{7DA8CCBB-DC1B-485A-9BC1-17457391A655}"
EndProject
Project("{FAE04EC0-301F-11D3-BF4B-00C04F79EFBC}") = "MultipleInhertanceviaInteface", "MultipleInhertanceviaInteface\MultipleInhertanceviaInteface.csproj", "{0D21B893-F2B8-4E36-9296-DFA5B5F1F9F8}"
EndProject
Project("{FAE04EC0-301F-11D3-BF4B-00C04F79EFBC}") = "Static", "Static\Static.csproj", "{4803A7E3-41E7-4A70-B932-02D80B52432E}"
EndProject
Project("{2150E333-8FDC-42A3-9474-1A3956D46DE8}") = "Day7", "Day7", "{30E539B1-409D-4C3F-A506-DC9CD9CFA669}"
EndProject
Project("{FAE04EC0-301F-11D3-BF4B-00C04F79EFBC}") = "WiproDay7", "WiproDay7\WiproDay7.csproj", "{DCB19BA5-833C-430F-AA20-1268EFA7196D}"
EndProject
Project("{FAE04EC0-301F-11D3-BF4B-00C04F79EFBC}") = "WhyDelegates", "WhyDelegates\WhyDelegates.csproj", "{F26CB96A-4DA8-4856-8789-9DB471BA3538}"
EndProject
Project("{FAE04EC0-301F-11D3-BF4B-00C04F79EFBC}") = "MulticaseDelegate", "MulticaseDelegate\MulticaseDelegate.csproj", "{2D37E61F-83CB-4F90-B39D-46195CB3A2DE}"
EndProject
Project("{FAE04EC0-301F-11D3-BF4B-00C04F79EFBC}") = "CoVarience&ContraVarience", "CoVarience&ContraVarience\CoVarience&ContraVarience.csproj", "{19A41707-8FF6-4376-8E4F-A481D68D7E69}"
EndProject
Project("{2150E333-8FDC-42A3-9474-1A3956D46DE8}") = "Day8", "Day8", "{019EABB1-8AE9-454D-953A-EEB5F5D67FC0}"
EndProject
Project("{FAE04EC0-301F-11D3-BF4B-00C04F79EFBC}") = "TestingDemo", "TestingDemo\TestingDemo.csproj", "{8B869D16-1EA4-427A-AA0D-87D426106509}"
EndProject
Project("{FAE04EC0-301F-11D3-BF4B-00C04F79EFBC}") = "TestMathOp", "TestMathOp\TestMathOp.csproj", "{861153D9-7586-4958-83E1-715C52081BEA}"
EndProject
Project("{FAE04EC0-301F-11D3-BF4B-00C04F79EFBC}") = "TestProjectUnit", "TestProjectUnit\TestProjectUnit.csproj", "{23452055-800B-42F6-B6F5-663EA6BA28F7}"
EndProject
Project("{FAE04EC0-301F-11D3-BF4B-00C04F79EFBC}") = "TestProjectxunit", "TestProjectxunit\TestProjectxunit.csproj", "{7463D0B8-5EE5-4A90-8AE1-5C1E42B4625E}"
EndProject
Project("{FAE04EC0-301F-11D3-BF4B-00C04F79EFBC}") = "Collections", "Collections\Collections.csproj", "{1FD66C7E-1A79-4F4E-9AA0-8B299BA3EA4A}"
EndProject
Project("{FAE04EC0-301F-11D3-BF4B-00C04F79EFBC}") = "GenericCollectionsdemo", "GenericCollectionsdemo\GenericCollectionsdemo.csproj", "{17121CB4-3615-489A-9144-ABC2B64168A0}"
EndProject
Project("{FAE04EC0-301F-11D3-BF4B-00C04F79EFBC}") = "FileConcepts", "FileConcepts\FileConcepts.csproj", "{A3891F78-7543-4E2F-846E-2C27DD6C5EDC}"
EndProject
Project("{FAE04EC0-301F-11D3-BF4B-00C04F79EFBC}") = "XMLFileCreation", "XMLFileCreation\XMLFileCreation.csproj", "{63916B88-1DD5-417F-80C8-F10954BD8894}"
EndProject
Project("{FAE04EC0-301F-11D3-BF4B-00C04F79EFBC}") = "Events", "Events\Events.csproj", "{78E4C657-7F41-4AB7-826E-1B30FCFA1633}"
EndProject
Project("{FAE04EC0-301F-11D3-BF4B-00C04F79EFBC}") = "GenericDel", "GenericDel\GenericDel.csproj", "{4D85D3C4-2958-4985-8C54-ECE7027D3F72}"
EndProject
Project("{FAE04EC0-301F-11D3-BF4B-00C04F79EFBC}") = "Reflection", "Reflection\Reflection.csproj", "{3C7B0BE9-1814-4923-832A-D37A98CA63F4}"
EndProject
Project("{FAE04EC0-301F-11D3-BF4B-00C04F79EFBC}") = "ReflectioninWindows", "ReflectioninWindows\ReflectioninWindows.csproj", "{D4183916-0DCC-416F-9355-9AC4F7E1DB94}"
EndProject
Project("{FAE04EC0-301F-11D3-BF4B-00C04F79EFBC}") = "Threading", "Threading\Threading.csproj", "{F80D3A88-FAC7-4550-86EC-916E437C539C}"
EndProject
Global
	GlobalSection(SolutionConfigurationPlatforms) = preSolution
		Debug|Any CPU = Debug|Any CPU
		Release|Any CPU = Release|Any CPU
	EndGlobalSection
	GlobalSection(ProjectConfigurationPlatforms) = postSolution
		{19BE339B-2CF3-4399-AB3E-A25433A8B56A}.Debug|Any CPU.ActiveCfg = Debug|Any CPU
		{19BE339B-2CF3-4399-AB3E-A25433A8B56A}.Debug|Any CPU.Build.0 = Debug|Any CPU
		{19BE339B-2CF3-4399-AB3E-A25433A8B56A}.Release|Any CPU.ActiveCfg = Release|Any CPU
		{19BE339B-2CF3-4399-AB3E-A25433A8B56A}.Release|Any CPU.Build.0 = Release|Any CPU
		{0981F995-DDD7-4FC1-A057-9C8CB468F857}.Debug|Any CPU.ActiveCfg = Debug|Any CPU
		{0981F995-DDD7-4FC1-A057-9C8CB468F857}.Debug|Any CPU.Build.0 = Debug|Any CPU
		{0981F995-DDD7-4FC1-A057-9C8CB468F857}.Release|Any CPU.ActiveCfg = Release|Any CPU
		{0981F995-DDD7-4FC1-A057-9C8CB468F857}.Release|Any CPU.Build.0 = Release|Any CPU
		{1987E9BA-F33A-44B6-8DE4-1ABB87ADFD7F}.Debug|Any CPU.ActiveCfg = Debug|Any CPU
		{1987E9BA-F33A-44B6-8DE4-1ABB87ADFD7F}.Debug|Any CPU.Build.0 = Debug|Any CPU
		{1987E9BA-F33A-44B6-8DE4-1ABB87ADFD7F}.Release|Any CPU.ActiveCfg = Release|Any CPU
		{1987E9BA-F33A-44B6-8DE4-1ABB87ADFD7F}.Release|Any CPU.Build.0 = Release|Any CPU
		{7DA8CCBB-DC1B-485A-9BC1-17457391A655}.Debug|Any CPU.ActiveCfg = Debug|Any CPU
		{7DA8CCBB-DC1B-485A-9BC1-17457391A655}.Debug|Any CPU.Build.0 = Debug|Any CPU
		{7DA8CCBB-DC1B-485A-9BC1-17457391A655}.Release|Any CPU.ActiveCfg = Release|Any CPU
		{7DA8CCBB-DC1B-485A-9BC1-17457391A655}.Release|Any CPU.Build.0 = Release|Any CPU
		{0D21B893-F2B8-4E36-9296-DFA5B5F1F9F8}.Debug|Any CPU.ActiveCfg = Debug|Any CPU
		{0D21B893-F2B8-4E36-9296-DFA5B5F1F9F8}.Debug|Any CPU.Build.0 = Debug|Any CPU
		{0D21B893-F2B8-4E36-9296-DFA5B5F1F9F8}.Release|Any CPU.ActiveCfg = Release|Any CPU
		{0D21B893-F2B8-4E36-9296-DFA5B5F1F9F8}.Release|Any CPU.Build.0 = Release|Any CPU
		{4803A7E3-41E7-4A70-B932-02D80B52432E}.Debug|Any CPU.ActiveCfg = Debug|Any CPU
		{4803A7E3-41E7-4A70-B932-02D80B52432E}.Debug|Any CPU.Build.0 = Debug|Any CPU
		{4803A7E3-41E7-4A70-B932-02D80B52432E}.Release|Any CPU.ActiveCfg = Release|Any CPU
		{4803A7E3-41E7-4A70-B932-02D80B52432E}.Release|Any CPU.Build.0 = Release|Any CPU
		{DCB19BA5-833C-430F-AA20-1268EFA7196D}.Debug|Any CPU.ActiveCfg = Debug|Any CPU
		{DCB19BA5-833C-430F-AA20-1268EFA7196D}.Debug|Any CPU.Build.0 = Debug|Any CPU
		{DCB19BA5-833C-430F-AA20-1268EFA7196D}.Release|Any CPU.ActiveCfg = Release|Any CPU
		{DCB19BA5-833C-430F-AA20-1268EFA7196D}.Release|Any CPU.Build.0 = Release|Any CPU
		{F26CB96A-4DA8-4856-8789-9DB471BA3538}.Debug|Any CPU.ActiveCfg = Debug|Any CPU
		{F26CB96A-4DA8-4856-8789-9DB471BA3538}.Debug|Any CPU.Build.0 = Debug|Any CPU
		{F26CB96A-4DA8-4856-8789-9DB471BA3538}.Release|Any CPU.ActiveCfg = Release|Any CPU
		{F26CB96A-4DA8-4856-8789-9DB471BA3538}.Release|Any CPU.Build.0 = Release|Any CPU
		{2D37E61F-83CB-4F90-B39D-46195CB3A2DE}.Debug|Any CPU.ActiveCfg = Debug|Any CPU
		{2D37E61F-83CB-4F90-B39D-46195CB3A2DE}.Debug|Any CPU.Build.0 = Debug|Any CPU
		{2D37E61F-83CB-4F90-B39D-46195CB3A2DE}.Release|Any CPU.ActiveCfg = Release|Any CPU
		{2D37E61F-83CB-4F90-B39D-46195CB3A2DE}.Release|Any CPU.Build.0 = Release|Any CPU
		{19A41707-8FF6-4376-8E4F-A481D68D7E69}.Debug|Any CPU.ActiveCfg = Debug|Any CPU
		{19A41707-8FF6-4376-8E4F-A481D68D7E69}.Debug|Any CPU.Build.0 = Debug|Any CPU
		{19A41707-8FF6-4376-8E4F-A481D68D7E69}.Release|Any CPU.ActiveCfg = Release|Any CPU
		{19A41707-8FF6-4376-8E4F-A481D68D7E69}.Release|Any CPU.Build.0 = Release|Any CPU
		{8B869D16-1EA4-427A-AA0D-87D426106509}.Debug|Any CPU.ActiveCfg = Debug|Any CPU
		{8B869D16-1EA4-427A-AA0D-87D426106509}.Debug|Any CPU.Build.0 = Debug|Any CPU
		{8B869D16-1EA4-427A-AA0D-87D426106509}.Release|Any CPU.ActiveCfg = Release|Any CPU
		{8B869D16-1EA4-427A-AA0D-87D426106509}.Release|Any CPU.Build.0 = Release|Any CPU
		{861153D9-7586-4958-83E1-715C52081BEA}.Debug|Any CPU.ActiveCfg = Debug|Any CPU
		{861153D9-7586-4958-83E1-715C52081BEA}.Debug|Any CPU.Build.0 = Debug|Any CPU
		{861153D9-7586-4958-83E1-715C52081BEA}.Release|Any CPU.ActiveCfg = Release|Any CPU
		{861153D9-7586-4958-83E1-715C52081BEA}.Release|Any CPU.Build.0 = Release|Any CPU
		{23452055-800B-42F6-B6F5-663EA6BA28F7}.Debug|Any CPU.ActiveCfg = Debug|Any CPU
		{23452055-800B-42F6-B6F5-663EA6BA28F7}.Debug|Any CPU.Build.0 = Debug|Any CPU
		{23452055-800B-42F6-B6F5-663EA6BA28F7}.Release|Any CPU.ActiveCfg = Release|Any CPU
		{23452055-800B-42F6-B6F5-663EA6BA28F7}.Release|Any CPU.Build.0 = Release|Any CPU
		{7463D0B8-5EE5-4A90-8AE1-5C1E42B4625E}.Debug|Any CPU.ActiveCfg = Debug|Any CPU
		{7463D0B8-5EE5-4A90-8AE1-5C1E42B4625E}.Debug|Any CPU.Build.0 = Debug|Any CPU
		{7463D0B8-5EE5-4A90-8AE1-5C1E42B4625E}.Release|Any CPU.ActiveCfg = Release|Any CPU
		{7463D0B8-5EE5-4A90-8AE1-5C1E42B4625E}.Release|Any CPU.Build.0 = Release|Any CPU
		{1FD66C7E-1A79-4F4E-9AA0-8B299BA3EA4A}.Debug|Any CPU.ActiveCfg = Debug|Any CPU
		{1FD66C7E-1A79-4F4E-9AA0-8B299BA3EA4A}.Debug|Any CPU.Build.0 = Debug|Any CPU
		{1FD66C7E-1A79-4F4E-9AA0-8B299BA3EA4A}.Release|Any CPU.ActiveCfg = Release|Any CPU
		{1FD66C7E-1A79-4F4E-9AA0-8B299BA3EA4A}.Release|Any CPU.Build.0 = Release|Any CPU
		{17121CB4-3615-489A-9144-ABC2B64168A0}.Debug|Any CPU.ActiveCfg = Debug|Any CPU
		{17121CB4-3615-489A-9144-ABC2B64168A0}.Debug|Any CPU.Build.0 = Debug|Any CPU
		{17121CB4-3615-489A-9144-ABC2B64168A0}.Release|Any CPU.ActiveCfg = Release|Any CPU
		{17121CB4-3615-489A-9144-ABC2B64168A0}.Release|Any CPU.Build.0 = Release|Any CPU
		{A3891F78-7543-4E2F-846E-2C27DD6C5EDC}.Debug|Any CPU.ActiveCfg = Debug|Any CPU
		{A3891F78-7543-4E2F-846E-2C27DD6C5EDC}.Debug|Any CPU.Build.0 = Debug|Any CPU
		{A3891F78-7543-4E2F-846E-2C27DD6C5EDC}.Release|Any CPU.ActiveCfg = Release|Any CPU
		{A3891F78-7543-4E2F-846E-2C27DD6C5EDC}.Release|Any CPU.Build.0 = Release|Any CPU
		{63916B88-1DD5-417F-80C8-F10954BD8894}.Debug|Any CPU.ActiveCfg = Debug|Any CPU
		{63916B88-1DD5-417F-80C8-F10954BD8894}.Debug|Any CPU.Build.0 = Debug|Any CPU
		{63916B88-1DD5-417F-80C8-F10954BD8894}.Release|Any CPU.ActiveCfg = Release|Any CPU
		{63916B88-1DD5-417F-80C8-F10954BD8894}.Release|Any CPU.Build.0 = Release|Any CPU
		{78E4C657-7F41-4AB7-826E-1B30FCFA1633}.Debug|Any CPU.ActiveCfg = Debug|Any CPU
		{78E4C657-7F41-4AB7-826E-1B30FCFA1633}.Debug|Any CPU.Build.0 = Debug|Any CPU
		{78E4C657-7F41-4AB7-826E-1B30FCFA1633}.Release|Any CPU.ActiveCfg = Release|Any CPU
		{78E4C657-7F41-4AB7-826E-1B30FCFA1633}.Release|Any CPU.Build.0 = Release|Any CPU
		{4D85D3C4-2958-4985-8C54-ECE7027D3F72}.Debug|Any CPU.ActiveCfg = Debug|Any CPU
		{4D85D3C4-2958-4985-8C54-ECE7027D3F72}.Debug|Any CPU.Build.0 = Debug|Any CPU
		{4D85D3C4-2958-4985-8C54-ECE7027D3F72}.Release|Any CPU.ActiveCfg = Release|Any CPU
		{4D85D3C4-2958-4985-8C54-ECE7027D3F72}.Release|Any CPU.Build.0 = Release|Any CPU
		{3C7B0BE9-1814-4923-832A-D37A98CA63F4}.Debug|Any CPU.ActiveCfg = Debug|Any CPU
		{3C7B0BE9-1814-4923-832A-D37A98CA63F4}.Debug|Any CPU.Build.0 = Debug|Any CPU
		{3C7B0BE9-1814-4923-832A-D37A98CA63F4}.Release|Any CPU.ActiveCfg = Release|Any CPU
		{3C7B0BE9-1814-4923-832A-D37A98CA63F4}.Release|Any CPU.Build.0 = Release|Any CPU
		{D4183916-0DCC-416F-9355-9AC4F7E1DB94}.Debug|Any CPU.ActiveCfg = Debug|Any CPU
		{D4183916-0DCC-416F-9355-9AC4F7E1DB94}.Debug|Any CPU.Build.0 = Debug|Any CPU
		{D4183916-0DCC-416F-9355-9AC4F7E1DB94}.Release|Any CPU.ActiveCfg = Release|Any CPU
		{D4183916-0DCC-416F-9355-9AC4F7E1DB94}.Release|Any CPU.Build.0 = Release|Any CPU
		{F80D3A88-FAC7-4550-86EC-916E437C539C}.Debug|Any CPU.ActiveCfg = Debug|Any CPU
		{F80D3A88-FAC7-4550-86EC-916E437C539C}.Debug|Any CPU.Build.0 = Debug|Any CPU
		{F80D3A88-FAC7-4550-86EC-916E437C539C}.Release|Any CPU.ActiveCfg = Release|Any CPU
		{F80D3A88-FAC7-4550-86EC-916E437C539C}.Release|Any CPU.Build.0 = Release|Any CPU
	EndGlobalSection
	GlobalSection(SolutionProperties) = preSolution
		HideSolutionNode = FALSE
	EndGlobalSection
	GlobalSection(NestedProjects) = preSolution
		{7DA8CCBB-DC1B-485A-9BC1-17457391A655} = {CB317E9D-741F-4702-ADD6-488E67200CBC}
		{0D21B893-F2B8-4E36-9296-DFA5B5F1F9F8} = {CB317E9D-741F-4702-ADD6-488E67200CBC}
		{4803A7E3-41E7-4A70-B932-02D80B52432E} = {CB317E9D-741F-4702-ADD6-488E67200CBC}
		{DCB19BA5-833C-430F-AA20-1268EFA7196D} = {30E539B1-409D-4C3F-A506-DC9CD9CFA669}
		{F26CB96A-4DA8-4856-8789-9DB471BA3538} = {30E539B1-409D-4C3F-A506-DC9CD9CFA669}
		{2D37E61F-83CB-4F90-B39D-46195CB3A2DE} = {30E539B1-409D-4C3F-A506-DC9CD9CFA669}
		{19A41707-8FF6-4376-8E4F-A481D68D7E69} = {30E539B1-409D-4C3F-A506-DC9CD9CFA669}
		{8B869D16-1EA4-427A-AA0D-87D426106509} = {019EABB1-8AE9-454D-953A-EEB5F5D67FC0}
		{861153D9-7586-4958-83E1-715C52081BEA} = {019EABB1-8AE9-454D-953A-EEB5F5D67FC0}
		{23452055-800B-42F6-B6F5-663EA6BA28F7} = {019EABB1-8AE9-454D-953A-EEB5F5D67FC0}
		{7463D0B8-5EE5-4A90-8AE1-5C1E42B4625E} = {019EABB1-8AE9-454D-953A-EEB5F5D67FC0}
		{1FD66C7E-1A79-4F4E-9AA0-8B299BA3EA4A} = {CB317E9D-741F-4702-ADD6-488E67200CBC}
		{17121CB4-3615-489A-9144-ABC2B64168A0} = {CB317E9D-741F-4702-ADD6-488E67200CBC}
		{A3891F78-7543-4E2F-846E-2C27DD6C5EDC} = {CB317E9D-741F-4702-ADD6-488E67200CBC}
		{63916B88-1DD5-417F-80C8-F10954BD8894} = {CB317E9D-741F-4702-ADD6-488E67200CBC}
		{78E4C657-7F41-4AB7-826E-1B30FCFA1633} = {30E539B1-409D-4C3F-A506-DC9CD9CFA669}
		{4D85D3C4-2958-4985-8C54-ECE7027D3F72} = {30E539B1-409D-4C3F-A506-DC9CD9CFA669}
		{3C7B0BE9-1814-4923-832A-D37A98CA63F4} = {30E539B1-409D-4C3F-A506-DC9CD9CFA669}
		{D4183916-0DCC-416F-9355-9AC4F7E1DB94} = {30E539B1-409D-4C3F-A506-DC9CD9CFA669}
		{F80D3A88-FAC7-4550-86EC-916E437C539C} = {30E539B1-409D-4C3F-A506-DC9CD9CFA669}
	EndGlobalSection
EndGlobal
